
Microsoft Visual Studio Solution File, Format Version 12.00
# Visual Studio Version 17
VisualStudioVersion = 17.4.33103.184
MinimumVisualStudioVersion = 10.0.40219.1
Project("{9A19103F-16F7-4668-BE54-9A1E7A4F7556}") = "BackendAPI", "BackendAPI\BackendAPI.csproj", "{4DA060A6-B186-4BAC-A099-A9904F7E8F27}"
EndProject
Project("{9A19103F-16F7-4668-BE54-9A1E7A4F7556}") = "DataAccess", "DataAccess\DataAccess.csproj", "{05FA0998-0ED0-41E3-A791-CE2E40AA18C5}"
EndProject
Project("{9A19103F-16F7-4668-BE54-9A1E7A4F7556}") = "Services", "Services\Services.csproj", "{F16BF422-A776-4FAA-BFC2-859BD0E665C0}"
EndProject
Project("{9A19103F-16F7-4668-BE54-9A1E7A4F7556}") = "DtoLibrary", "DtoLibrary\DtoLibrary.csproj", "{4F1F8EA6-D334-4B10-A75D-0159798A1C44}"
EndProject
Project("{FAE04EC0-301F-11D3-BF4B-00C04F79EFBC}") = "AdminBackendAPI", "AdminBackendAPI\AdminBackendAPI.csproj", "{D5FAC362-14B3-431B-B710-B831FACAF2F1}"
EndProject
Global
	GlobalSection(SolutionConfigurationPlatforms) = preSolution
		Debug|Any CPU = Debug|Any CPU
		Release|Any CPU = Release|Any CPU
	EndGlobalSection
	GlobalSection(ProjectConfigurationPlatforms) = postSolution
		{4DA060A6-B186-4BAC-A099-A9904F7E8F27}.Debug|Any CPU.ActiveCfg = Debug|Any CPU
		{4DA060A6-B186-4BAC-A099-A9904F7E8F27}.Debug|Any CPU.Build.0 = Debug|Any CPU
		{4DA060A6-B186-4BAC-A099-A9904F7E8F27}.Release|Any CPU.ActiveCfg = Release|Any CPU
		{4DA060A6-B186-4BAC-A099-A9904F7E8F27}.Release|Any CPU.Build.0 = Release|Any CPU
		{05FA0998-0ED0-41E3-A791-CE2E40AA18C5}.Debug|Any CPU.ActiveCfg = Debug|Any CPU
		{05FA0998-0ED0-41E3-A791-CE2E40AA18C5}.Debug|Any CPU.Build.0 = Debug|Any CPU
		{05FA0998-0ED0-41E3-A791-CE2E40AA18C5}.Release|Any CPU.ActiveCfg = Release|Any CPU
		{05FA0998-0ED0-41E3-A791-CE2E40AA18C5}.Release|Any CPU.Build.0 = Release|Any CPU
		{F16BF422-A776-4FAA-BFC2-859BD0E665C0}.Debug|Any CPU.ActiveCfg = Debug|Any CPU
		{F16BF422-A776-4FAA-BFC2-859BD0E665C0}.Debug|Any CPU.Build.0 = Debug|Any CPU
		{F16BF422-A776-4FAA-BFC2-859BD0E665C0}.Release|Any CPU.ActiveCfg = Release|Any CPU
		{F16BF422-A776-4FAA-BFC2-859BD0E665C0}.Release|Any CPU.Build.0 = Release|Any CPU
		{4F1F8EA6-D334-4B10-A75D-0159798A1C44}.Debug|Any CPU.ActiveCfg = Debug|Any CPU
		{4F1F8EA6-D334-4B10-A75D-0159798A1C44}.Debug|Any CPU.Build.0 = Debug|Any CPU
		{4F1F8EA6-D334-4B10-A75D-0159798A1C44}.Release|Any CPU.ActiveCfg = Release|Any CPU
		{4F1F8EA6-D334-4B10-A75D-0159798A1C44}.Release|Any CPU.Build.0 = Release|Any CPU
		{D5FAC362-14B3-431B-B710-B831FACAF2F1}.Debug|Any CPU.ActiveCfg = Debug|Any CPU
		{D5FAC362-14B3-431B-B710-B831FACAF2F1}.Debug|Any CPU.Build.0 = Debug|Any CPU
		{D5FAC362-14B3-431B-B710-B831FACAF2F1}.Release|Any CPU.ActiveCfg = Release|Any CPU
		{D5FAC362-14B3-431B-B710-B831FACAF2F1}.Release|Any CPU.Build.0 = Release|Any CPU
	EndGlobalSection
	GlobalSection(SolutionProperties) = preSolution
		HideSolutionNode = FALSE
	EndGlobalSection
	GlobalSection(ExtensibilityGlobals) = postSolution
		SolutionGuid = {739CDCD3-510A-4F43-B549-1D1703769778}
	EndGlobalSection
EndGlobal
