
Microsoft Visual Studio Solution File, Format Version 12.00
# Visual Studio Version 17
VisualStudioVersion = 17.4.33103.184
MinimumVisualStudioVersion = 10.0.40219.1
Project("{FAE04EC0-301F-11D3-BF4B-00C04F79EFBC}") = "BackendAPI", "BackendAPI\BackendAPI.csproj", "{4DA060A6-B186-4BAC-A099-A9904F7E8F27}"
EndProject
Project("{FAE04EC0-301F-11D3-BF4B-00C04F79EFBC}") = "DBModels", "DBModels\DBModels.csproj", "{05FA0998-0ED0-41E3-A791-CE2E40AA18C5}"
EndProject
Global
	GlobalSection(SolutionConfigurationPlatforms) = preSolution
		Debug|Any CPU = Debug|Any CPU
		Release|Any CPU = Release|Any CPU
	EndGlobalSection
	GlobalSection(ProjectConfigurationPlatforms) = postSolution
		{4DA060A6-B186-4BAC-A099-A9904F7E8F27}.Debug|Any CPU.ActiveCfg = Debug|Any CPU
		{4DA060A6-B186-4BAC-A099-A9904F7E8F27}.Debug|Any CPU.Build.0 = Debug|Any CPU
		{4DA060A6-B186-4BAC-A099-A9904F7E8F27}.Release|Any CPU.ActiveCfg = Release|Any CPU
		{4DA060A6-B186-4BAC-A099-A9904F7E8F27}.Release|Any CPU.Build.0 = Release|Any CPU
		{05FA0998-0ED0-41E3-A791-CE2E40AA18C5}.Debug|Any CPU.ActiveCfg = Debug|Any CPU
		{05FA0998-0ED0-41E3-A791-CE2E40AA18C5}.Debug|Any CPU.Build.0 = Debug|Any CPU
		{05FA0998-0ED0-41E3-A791-CE2E40AA18C5}.Release|Any CPU.ActiveCfg = Release|Any CPU
		{05FA0998-0ED0-41E3-A791-CE2E40AA18C5}.Release|Any CPU.Build.0 = Release|Any CPU
	EndGlobalSection
	GlobalSection(SolutionProperties) = preSolution
		HideSolutionNode = FALSE
	EndGlobalSection
	GlobalSection(ExtensibilityGlobals) = postSolution
		SolutionGuid = {739CDCD3-510A-4F43-B549-1D1703769778}
	EndGlobalSection
EndGlobal
